// !$*UTF8*$!
{
	archiveVersion = 1;
	classes = {
	};
	objectVersion = 56;
	objects = {

/* Begin PBXBuildFile section */
		A72A122A29964AC20015221A /* AppDelegate.swift in Sources */ = {isa = PBXBuildFile; fileRef = A72A122929964AC20015221A /* AppDelegate.swift */; };
		A72A122C29964AC20015221A /* SceneDelegate.swift in Sources */ = {isa = PBXBuildFile; fileRef = A72A122B29964AC20015221A /* SceneDelegate.swift */; };
		A72A123329964AC30015221A /* Assets.xcassets in Resources */ = {isa = PBXBuildFile; fileRef = A72A123229964AC30015221A /* Assets.xcassets */; };
		A72A123629964AC30015221A /* LaunchScreen.storyboard in Resources */ = {isa = PBXBuildFile; fileRef = A72A123429964AC30015221A /* LaunchScreen.storyboard */; };
		A72A123F29965A630015221A /* ModernRIBs in Frameworks */ = {isa = PBXBuildFile; productRef = A72A123E29965A630015221A /* ModernRIBs */; };
		A72A12422996865F0015221A /* AppComponent.swift in Sources */ = {isa = PBXBuildFile; fileRef = A72A12412996865F0015221A /* AppComponent.swift */; };
		A72A1248299686B90015221A /* AppRootRouter.swift in Sources */ = {isa = PBXBuildFile; fileRef = A72A1244299686B90015221A /* AppRootRouter.swift */; };
		A72A1249299686B90015221A /* AppRootViewController.swift in Sources */ = {isa = PBXBuildFile; fileRef = A72A1245299686B90015221A /* AppRootViewController.swift */; };
		A72A124A299686B90015221A /* AppRootBuilder.swift in Sources */ = {isa = PBXBuildFile; fileRef = A72A1246299686B90015221A /* AppRootBuilder.swift */; };
		A72A124B299686B90015221A /* AppRootInteractor.swift in Sources */ = {isa = PBXBuildFile; fileRef = A72A1247299686B90015221A /* AppRootInteractor.swift */; };
		A72AF19E299B8CE500F18527 /* Network in Frameworks */ = {isa = PBXBuildFile; productRef = A72AF19D299B8CE500F18527 /* Network */; };
		A73D9E7E299C906500371A50 /* FlashNotesUI in Frameworks */ = {isa = PBXBuildFile; productRef = A73D9E7D299C906500371A50 /* FlashNotesUI */; };
		A78CA28E299B825F006A89F6 /* splash.png in Resources */ = {isa = PBXBuildFile; fileRef = A78CA28D299B825F006A89F6 /* splash.png */; };
		A7A8A4B1299B912200D9C087 /* NetworkImp in Frameworks */ = {isa = PBXBuildFile; productRef = A7A8A4B0299B912200D9C087 /* NetworkImp */; };
		A7A8A4B3299BEC4800D9C087 /* CombineUtil in Frameworks */ = {isa = PBXBuildFile; productRef = A7A8A4B2299BEC4800D9C087 /* CombineUtil */; };
		A7A8A4B5299BEDEF00D9C087 /* RIBsUtil in Frameworks */ = {isa = PBXBuildFile; productRef = A7A8A4B4299BEDEF00D9C087 /* RIBsUtil */; };
		A7BB29B8299CB947002B74EC /* SlideMenu in Frameworks */ = {isa = PBXBuildFile; productRef = A7BB29B7299CB947002B74EC /* SlideMenu */; };
		A7BB29BA299CB94A002B74EC /* SlideMenuImp in Frameworks */ = {isa = PBXBuildFile; productRef = A7BB29B9299CB94A002B74EC /* SlideMenuImp */; };
		A7CB5982299DFC2F000F939D /* Entity in Frameworks */ = {isa = PBXBuildFile; productRef = A7CB5981299DFC2F000F939D /* Entity */; };
/* End PBXBuildFile section */

/* Begin PBXFileReference section */
		A72A122629964AC20015221A /* FlashNotes.app */ = {isa = PBXFileReference; explicitFileType = wrapper.application; includeInIndex = 0; path = FlashNotes.app; sourceTree = BUILT_PRODUCTS_DIR; };
		A72A122929964AC20015221A /* AppDelegate.swift */ = {isa = PBXFileReference; lastKnownFileType = sourcecode.swift; path = AppDelegate.swift; sourceTree = "<group>"; };
		A72A122B29964AC20015221A /* SceneDelegate.swift */ = {isa = PBXFileReference; lastKnownFileType = sourcecode.swift; path = SceneDelegate.swift; sourceTree = "<group>"; };
		A72A123229964AC30015221A /* Assets.xcassets */ = {isa = PBXFileReference; lastKnownFileType = folder.assetcatalog; path = Assets.xcassets; sourceTree = "<group>"; };
		A72A123529964AC30015221A /* Base */ = {isa = PBXFileReference; lastKnownFileType = file.storyboard; name = Base; path = Base.lproj/LaunchScreen.storyboard; sourceTree = "<group>"; };
		A72A123729964AC30015221A /* Info.plist */ = {isa = PBXFileReference; lastKnownFileType = text.plist.xml; path = Info.plist; sourceTree = "<group>"; };
		A72A12412996865F0015221A /* AppComponent.swift */ = {isa = PBXFileReference; lastKnownFileType = sourcecode.swift; path = AppComponent.swift; sourceTree = "<group>"; };
		A72A1244299686B90015221A /* AppRootRouter.swift */ = {isa = PBXFileReference; lastKnownFileType = sourcecode.swift; path = AppRootRouter.swift; sourceTree = "<group>"; };
		A72A1245299686B90015221A /* AppRootViewController.swift */ = {isa = PBXFileReference; lastKnownFileType = sourcecode.swift; path = AppRootViewController.swift; sourceTree = "<group>"; };
		A72A1246299686B90015221A /* AppRootBuilder.swift */ = {isa = PBXFileReference; lastKnownFileType = sourcecode.swift; path = AppRootBuilder.swift; sourceTree = "<group>"; };
		A72A1247299686B90015221A /* AppRootInteractor.swift */ = {isa = PBXFileReference; lastKnownFileType = sourcecode.swift; path = AppRootInteractor.swift; sourceTree = "<group>"; };
		A7812C78299C8D63005EA4CD /* UI */ = {isa = PBXFileReference; lastKnownFileType = wrapper; path = UI; sourceTree = "<group>"; };
		A78C5595299B8875004D6A82 /* Core */ = {isa = PBXFileReference; lastKnownFileType = wrapper; path = Core; sourceTree = "<group>"; };
		A78CA28D299B825F006A89F6 /* splash.png */ = {isa = PBXFileReference; lastKnownFileType = image.png; path = splash.png; sourceTree = "<group>"; };
		A7E58738299CA59300BCA757 /* Feature */ = {isa = PBXFileReference; lastKnownFileType = wrapper; path = Feature; sourceTree = "<group>"; };
/* End PBXFileReference section */

/* Begin PBXFrameworksBuildPhase section */
		A72A122329964AC20015221A /* Frameworks */ = {
			isa = PBXFrameworksBuildPhase;
			buildActionMask = 2147483647;
			files = (
				A7BB29BA299CB94A002B74EC /* SlideMenuImp in Frameworks */,
				A72A123F29965A630015221A /* ModernRIBs in Frameworks */,
				A7A8A4B1299B912200D9C087 /* NetworkImp in Frameworks */,
				A7A8A4B3299BEC4800D9C087 /* CombineUtil in Frameworks */,
				A7BB29B8299CB947002B74EC /* SlideMenu in Frameworks */,
				A73D9E7E299C906500371A50 /* FlashNotesUI in Frameworks */,
				A7A8A4B5299BEDEF00D9C087 /* RIBsUtil in Frameworks */,
				A7CB5982299DFC2F000F939D /* Entity in Frameworks */,
				A72AF19E299B8CE500F18527 /* Network in Frameworks */,
			);
			runOnlyForDeploymentPostprocessing = 0;
		};
/* End PBXFrameworksBuildPhase section */

/* Begin PBXGroup section */
		A72A121D29964AC20015221A = {
			isa = PBXGroup;
			children = (
				A78C5595299B8875004D6A82 /* Core */,
				A7E58738299CA59300BCA757 /* Feature */,
				A7812C78299C8D63005EA4CD /* UI */,
				A72A122829964AC20015221A /* FlashNotes */,
				A72A122729964AC20015221A /* Products */,
				A72AF19C299B8CE500F18527 /* Frameworks */,
			);
			sourceTree = "<group>";
		};
		A72A122729964AC20015221A /* Products */ = {
			isa = PBXGroup;
			children = (
				A72A122629964AC20015221A /* FlashNotes.app */,
			);
			name = Products;
			sourceTree = "<group>";
		};
		A72A122829964AC20015221A /* FlashNotes */ = {
			isa = PBXGroup;
			children = (
				A72A12402996849E0015221A /* Application */,
				A72A12432996868E0015221A /* AppRoot */,
				A78CA28C299B7F08006A89F6 /* Resources */,
			);
			path = FlashNotes;
			sourceTree = "<group>";
		};
		A72A12402996849E0015221A /* Application */ = {
			isa = PBXGroup;
			children = (
				A72A123429964AC30015221A /* LaunchScreen.storyboard */,
				A72A122929964AC20015221A /* AppDelegate.swift */,
				A72A122B29964AC20015221A /* SceneDelegate.swift */,
				A72A12412996865F0015221A /* AppComponent.swift */,
			);
			path = Application;
			sourceTree = "<group>";
		};
		A72A12432996868E0015221A /* AppRoot */ = {
			isa = PBXGroup;
			children = (
				A72A1246299686B90015221A /* AppRootBuilder.swift */,
				A72A1247299686B90015221A /* AppRootInteractor.swift */,
				A72A1244299686B90015221A /* AppRootRouter.swift */,
				A72A1245299686B90015221A /* AppRootViewController.swift */,
			);
			path = AppRoot;
			sourceTree = "<group>";
		};
		A72AF19C299B8CE500F18527 /* Frameworks */ = {
			isa = PBXGroup;
			children = (
			);
			name = Frameworks;
			sourceTree = "<group>";
		};
		A78CA28C299B7F08006A89F6 /* Resources */ = {
			isa = PBXGroup;
			children = (
				A78CA28D299B825F006A89F6 /* splash.png */,
				A72A123229964AC30015221A /* Assets.xcassets */,
				A72A123729964AC30015221A /* Info.plist */,
			);
			path = Resources;
			sourceTree = "<group>";
		};
/* End PBXGroup section */

/* Begin PBXNativeTarget section */
		A72A122529964AC20015221A /* FlashNotes */ = {
			isa = PBXNativeTarget;
			buildConfigurationList = A72A123A29964AC30015221A /* Build configuration list for PBXNativeTarget "FlashNotes" */;
			buildPhases = (
				A72A122229964AC20015221A /* Sources */,
				A72A122329964AC20015221A /* Frameworks */,
				A72A122429964AC20015221A /* Resources */,
			);
			buildRules = (
			);
			dependencies = (
			);
			name = FlashNotes;
			packageProductDependencies = (
				A72A123E29965A630015221A /* ModernRIBs */,
				A72AF19D299B8CE500F18527 /* Network */,
				A7A8A4B0299B912200D9C087 /* NetworkImp */,
				A7A8A4B2299BEC4800D9C087 /* CombineUtil */,
				A7A8A4B4299BEDEF00D9C087 /* RIBsUtil */,
				A73D9E7D299C906500371A50 /* FlashNotesUI */,
				A7BB29B7299CB947002B74EC /* SlideMenu */,
				A7BB29B9299CB94A002B74EC /* SlideMenuImp */,
				A7CB5981299DFC2F000F939D /* Entity */,
			);
			productName = FlashNotes;
			productReference = A72A122629964AC20015221A /* FlashNotes.app */;
			productType = "com.apple.product-type.application";
		};
/* End PBXNativeTarget section */

/* Begin PBXProject section */
		A72A121E29964AC20015221A /* Project object */ = {
			isa = PBXProject;
			attributes = {
				BuildIndependentTargetsInParallel = 1;
				LastSwiftUpdateCheck = 1420;
				LastUpgradeCheck = 1420;
				TargetAttributes = {
					A72A122529964AC20015221A = {
						CreatedOnToolsVersion = 14.2;
					};
				};
			};
			buildConfigurationList = A72A122129964AC20015221A /* Build configuration list for PBXProject "FlashNotes" */;
			compatibilityVersion = "Xcode 14.0";
			developmentRegion = en;
			hasScannedForEncodings = 0;
			knownRegions = (
				en,
				Base,
			);
			mainGroup = A72A121D29964AC20015221A;
			packageReferences = (
				A72A123D29965A630015221A /* XCRemoteSwiftPackageReference "ModernRIBs" */,
			);
			productRefGroup = A72A122729964AC20015221A /* Products */;
			projectDirPath = "";
			projectRoot = "";
			targets = (
				A72A122529964AC20015221A /* FlashNotes */,
			);
		};
/* End PBXProject section */

/* Begin PBXResourcesBuildPhase section */
		A72A122429964AC20015221A /* Resources */ = {
			isa = PBXResourcesBuildPhase;
			buildActionMask = 2147483647;
			files = (
				A72A123629964AC30015221A /* LaunchScreen.storyboard in Resources */,
				A78CA28E299B825F006A89F6 /* splash.png in Resources */,
				A72A123329964AC30015221A /* Assets.xcassets in Resources */,
			);
			runOnlyForDeploymentPostprocessing = 0;
		};
/* End PBXResourcesBuildPhase section */

/* Begin PBXSourcesBuildPhase section */
		A72A122229964AC20015221A /* Sources */ = {
			isa = PBXSourcesBuildPhase;
			buildActionMask = 2147483647;
			files = (
				A72A1249299686B90015221A /* AppRootViewController.swift in Sources */,
				A72A1248299686B90015221A /* AppRootRouter.swift in Sources */,
				A72A122A29964AC20015221A /* AppDelegate.swift in Sources */,
				A72A124B299686B90015221A /* AppRootInteractor.swift in Sources */,
				A72A122C29964AC20015221A /* SceneDelegate.swift in Sources */,
				A72A12422996865F0015221A /* AppComponent.swift in Sources */,
				A72A124A299686B90015221A /* AppRootBuilder.swift in Sources */,
			);
			runOnlyForDeploymentPostprocessing = 0;
		};
/* End PBXSourcesBuildPhase section */

/* Begin PBXVariantGroup section */
		A72A123429964AC30015221A /* LaunchScreen.storyboard */ = {
			isa = PBXVariantGroup;
			children = (
				A72A123529964AC30015221A /* Base */,
			);
			name = LaunchScreen.storyboard;
			sourceTree = "<group>";
		};
/* End PBXVariantGroup section */

/* Begin XCBuildConfiguration section */
		A72A123829964AC30015221A /* Debug */ = {
			isa = XCBuildConfiguration;
			buildSettings = {
				ALWAYS_SEARCH_USER_PATHS = NO;
				CLANG_ANALYZER_NONNULL = YES;
				CLANG_ANALYZER_NUMBER_OBJECT_CONVERSION = YES_AGGRESSIVE;
				CLANG_CXX_LANGUAGE_STANDARD = "gnu++20";
				CLANG_ENABLE_MODULES = YES;
				CLANG_ENABLE_OBJC_ARC = YES;
				CLANG_ENABLE_OBJC_WEAK = YES;
				CLANG_WARN_BLOCK_CAPTURE_AUTORELEASING = YES;
				CLANG_WARN_BOOL_CONVERSION = YES;
				CLANG_WARN_COMMA = YES;
				CLANG_WARN_CONSTANT_CONVERSION = YES;
				CLANG_WARN_DEPRECATED_OBJC_IMPLEMENTATIONS = YES;
				CLANG_WARN_DIRECT_OBJC_ISA_USAGE = YES_ERROR;
				CLANG_WARN_DOCUMENTATION_COMMENTS = YES;
				CLANG_WARN_EMPTY_BODY = YES;
				CLANG_WARN_ENUM_CONVERSION = YES;
				CLANG_WARN_INFINITE_RECURSION = YES;
				CLANG_WARN_INT_CONVERSION = YES;
				CLANG_WARN_NON_LITERAL_NULL_CONVERSION = YES;
				CLANG_WARN_OBJC_IMPLICIT_RETAIN_SELF = YES;
				CLANG_WARN_OBJC_LITERAL_CONVERSION = YES;
				CLANG_WARN_OBJC_ROOT_CLASS = YES_ERROR;
				CLANG_WARN_QUOTED_INCLUDE_IN_FRAMEWORK_HEADER = YES;
				CLANG_WARN_RANGE_LOOP_ANALYSIS = YES;
				CLANG_WARN_STRICT_PROTOTYPES = YES;
				CLANG_WARN_SUSPICIOUS_MOVE = YES;
				CLANG_WARN_UNGUARDED_AVAILABILITY = YES_AGGRESSIVE;
				CLANG_WARN_UNREACHABLE_CODE = YES;
				CLANG_WARN__DUPLICATE_METHOD_MATCH = YES;
				COPY_PHASE_STRIP = NO;
				DEBUG_INFORMATION_FORMAT = dwarf;
				ENABLE_STRICT_OBJC_MSGSEND = YES;
				ENABLE_TESTABILITY = YES;
				GCC_C_LANGUAGE_STANDARD = gnu11;
				GCC_DYNAMIC_NO_PIC = NO;
				GCC_NO_COMMON_BLOCKS = YES;
				GCC_OPTIMIZATION_LEVEL = 0;
				GCC_PREPROCESSOR_DEFINITIONS = (
					"DEBUG=1",
					"$(inherited)",
				);
				GCC_WARN_64_TO_32_BIT_CONVERSION = YES;
				GCC_WARN_ABOUT_RETURN_TYPE = YES_ERROR;
				GCC_WARN_UNDECLARED_SELECTOR = YES;
				GCC_WARN_UNINITIALIZED_AUTOS = YES_AGGRESSIVE;
				GCC_WARN_UNUSED_FUNCTION = YES;
				GCC_WARN_UNUSED_VARIABLE = YES;
				IPHONEOS_DEPLOYMENT_TARGET = 14.0;
				MTL_ENABLE_DEBUG_INFO = INCLUDE_SOURCE;
				MTL_FAST_MATH = YES;
				ONLY_ACTIVE_ARCH = YES;
				SDKROOT = iphoneos;
				SWIFT_ACTIVE_COMPILATION_CONDITIONS = DEBUG;
				SWIFT_OPTIMIZATION_LEVEL = "-Onone";
			};
			name = Debug;
		};
		A72A123929964AC30015221A /* Release */ = {
			isa = XCBuildConfiguration;
			buildSettings = {
				ALWAYS_SEARCH_USER_PATHS = NO;
				CLANG_ANALYZER_NONNULL = YES;
				CLANG_ANALYZER_NUMBER_OBJECT_CONVERSION = YES_AGGRESSIVE;
				CLANG_CXX_LANGUAGE_STANDARD = "gnu++20";
				CLANG_ENABLE_MODULES = YES;
				CLANG_ENABLE_OBJC_ARC = YES;
				CLANG_ENABLE_OBJC_WEAK = YES;
				CLANG_WARN_BLOCK_CAPTURE_AUTORELEASING = YES;
				CLANG_WARN_BOOL_CONVERSION = YES;
				CLANG_WARN_COMMA = YES;
				CLANG_WARN_CONSTANT_CONVERSION = YES;
				CLANG_WARN_DEPRECATED_OBJC_IMPLEMENTATIONS = YES;
				CLANG_WARN_DIRECT_OBJC_ISA_USAGE = YES_ERROR;
				CLANG_WARN_DOCUMENTATION_COMMENTS = YES;
				CLANG_WARN_EMPTY_BODY = YES;
				CLANG_WARN_ENUM_CONVERSION = YES;
				CLANG_WARN_INFINITE_RECURSION = YES;
				CLANG_WARN_INT_CONVERSION = YES;
				CLANG_WARN_NON_LITERAL_NULL_CONVERSION = YES;
				CLANG_WARN_OBJC_IMPLICIT_RETAIN_SELF = YES;
				CLANG_WARN_OBJC_LITERAL_CONVERSION = YES;
				CLANG_WARN_OBJC_ROOT_CLASS = YES_ERROR;
				CLANG_WARN_QUOTED_INCLUDE_IN_FRAMEWORK_HEADER = YES;
				CLANG_WARN_RANGE_LOOP_ANALYSIS = YES;
				CLANG_WARN_STRICT_PROTOTYPES = YES;
				CLANG_WARN_SUSPICIOUS_MOVE = YES;
				CLANG_WARN_UNGUARDED_AVAILABILITY = YES_AGGRESSIVE;
				CLANG_WARN_UNREACHABLE_CODE = YES;
				CLANG_WARN__DUPLICATE_METHOD_MATCH = YES;
				COPY_PHASE_STRIP = NO;
				DEBUG_INFORMATION_FORMAT = "dwarf-with-dsym";
				ENABLE_NS_ASSERTIONS = NO;
				ENABLE_STRICT_OBJC_MSGSEND = YES;
				GCC_C_LANGUAGE_STANDARD = gnu11;
				GCC_NO_COMMON_BLOCKS = YES;
				GCC_WARN_64_TO_32_BIT_CONVERSION = YES;
				GCC_WARN_ABOUT_RETURN_TYPE = YES_ERROR;
				GCC_WARN_UNDECLARED_SELECTOR = YES;
				GCC_WARN_UNINITIALIZED_AUTOS = YES_AGGRESSIVE;
				GCC_WARN_UNUSED_FUNCTION = YES;
				GCC_WARN_UNUSED_VARIABLE = YES;
				IPHONEOS_DEPLOYMENT_TARGET = 14.0;
				MTL_ENABLE_DEBUG_INFO = NO;
				MTL_FAST_MATH = YES;
				SDKROOT = iphoneos;
				SWIFT_COMPILATION_MODE = wholemodule;
				SWIFT_OPTIMIZATION_LEVEL = "-O";
				VALIDATE_PRODUCT = YES;
			};
			name = Release;
		};
		A72A123B29964AC30015221A /* Debug */ = {
			isa = XCBuildConfiguration;
			buildSettings = {
				ASSETCATALOG_COMPILER_APPICON_NAME = AppIcon;
				ASSETCATALOG_COMPILER_GLOBAL_ACCENT_COLOR_NAME = AccentColor;
				CODE_SIGN_STYLE = Automatic;
				CURRENT_PROJECT_VERSION = 1;
				DEVELOPMENT_TEAM = 3CZP576P62;
				GENERATE_INFOPLIST_FILE = YES;
				INFOPLIST_FILE = FlashNotes/Resources/Info.plist;
				INFOPLIST_KEY_UIApplicationSupportsIndirectInputEvents = YES;
				INFOPLIST_KEY_UILaunchStoryboardName = LaunchScreen;
				INFOPLIST_KEY_UISupportedInterfaceOrientations = UIInterfaceOrientationPortrait;
				INFOPLIST_KEY_UISupportedInterfaceOrientations_iPad = "UIInterfaceOrientationLandscapeLeft UIInterfaceOrientationLandscapeRight UIInterfaceOrientationPortrait UIInterfaceOrientationPortraitUpsideDown";
				IPHONEOS_DEPLOYMENT_TARGET = 14.0;
				LD_RUNPATH_SEARCH_PATHS = (
					"$(inherited)",
					"@executable_path/Frameworks",
				);
				MARKETING_VERSION = 1.0.0;
				PRODUCT_BUNDLE_IDENTIFIER = com.dongcheon.FlashNotes;
				PRODUCT_NAME = "$(TARGET_NAME)";
				SUPPORTED_PLATFORMS = "iphoneos iphonesimulator";
				SUPPORTS_MACCATALYST = NO;
				SUPPORTS_MAC_DESIGNED_FOR_IPHONE_IPAD = YES;
				SWIFT_EMIT_LOC_STRINGS = YES;
				SWIFT_VERSION = 5.0;
				TARGETED_DEVICE_FAMILY = 1;
			};
			name = Debug;
		};
		A72A123C29964AC30015221A /* Release */ = {
			isa = XCBuildConfiguration;
			buildSettings = {
				ASSETCATALOG_COMPILER_APPICON_NAME = AppIcon;
				ASSETCATALOG_COMPILER_GLOBAL_ACCENT_COLOR_NAME = AccentColor;
				CODE_SIGN_STYLE = Automatic;
				CURRENT_PROJECT_VERSION = 1;
				DEVELOPMENT_TEAM = 3CZP576P62;
				GENERATE_INFOPLIST_FILE = YES;
				INFOPLIST_FILE = FlashNotes/Resources/Info.plist;
				INFOPLIST_KEY_UIApplicationSupportsIndirectInputEvents = YES;
				INFOPLIST_KEY_UILaunchStoryboardName = LaunchScreen;
				INFOPLIST_KEY_UISupportedInterfaceOrientations = UIInterfaceOrientationPortrait;
				INFOPLIST_KEY_UISupportedInterfaceOrientations_iPad = "UIInterfaceOrientationLandscapeLeft UIInterfaceOrientationLandscapeRight UIInterfaceOrientationPortrait UIInterfaceOrientationPortraitUpsideDown";
				IPHONEOS_DEPLOYMENT_TARGET = 14.0;
				LD_RUNPATH_SEARCH_PATHS = (
					"$(inherited)",
					"@executable_path/Frameworks",
				);
				MARKETING_VERSION = 1.0.0;
				PRODUCT_BUNDLE_IDENTIFIER = com.dongcheon.FlashNotes;
				PRODUCT_NAME = "$(TARGET_NAME)";
				SUPPORTED_PLATFORMS = "iphoneos iphonesimulator";
				SUPPORTS_MACCATALYST = NO;
				SUPPORTS_MAC_DESIGNED_FOR_IPHONE_IPAD = YES;
				SWIFT_EMIT_LOC_STRINGS = YES;
				SWIFT_VERSION = 5.0;
				TARGETED_DEVICE_FAMILY = 1;
			};
			name = Release;
		};
/* End XCBuildConfiguration section */

/* Begin XCConfigurationList section */
		A72A122129964AC20015221A /* Build configuration list for PBXProject "FlashNotes" */ = {
			isa = XCConfigurationList;
			buildConfigurations = (
				A72A123829964AC30015221A /* Debug */,
				A72A123929964AC30015221A /* Release */,
			);
			defaultConfigurationIsVisible = 0;
			defaultConfigurationName = Release;
		};
		A72A123A29964AC30015221A /* Build configuration list for PBXNativeTarget "FlashNotes" */ = {
			isa = XCConfigurationList;
			buildConfigurations = (
				A72A123B29964AC30015221A /* Debug */,
				A72A123C29964AC30015221A /* Release */,
			);
			defaultConfigurationIsVisible = 0;
			defaultConfigurationName = Release;
		};
/* End XCConfigurationList section */

/* Begin XCRemoteSwiftPackageReference section */
		A72A123D29965A630015221A /* XCRemoteSwiftPackageReference "ModernRIBs" */ = {
			isa = XCRemoteSwiftPackageReference;
			repositoryURL = "https://github.com/DevYeom/ModernRIBs.git";
			requirement = {
				kind = upToNextMajorVersion;
				minimumVersion = 1.0.0;
			};
		};
/* End XCRemoteSwiftPackageReference section */

/* Begin XCSwiftPackageProductDependency section */
		A72A123E29965A630015221A /* ModernRIBs */ = {
			isa = XCSwiftPackageProductDependency;
			package = A72A123D29965A630015221A /* XCRemoteSwiftPackageReference "ModernRIBs" */;
			productName = ModernRIBs;
		};
		A72AF19D299B8CE500F18527 /* Network */ = {
			isa = XCSwiftPackageProductDependency;
			productName = Network;
		};
		A73D9E7D299C906500371A50 /* FlashNotesUI */ = {
			isa = XCSwiftPackageProductDependency;
			productName = FlashNotesUI;
		};
		A7A8A4B0299B912200D9C087 /* NetworkImp */ = {
			isa = XCSwiftPackageProductDependency;
			productName = NetworkImp;
		};
		A7A8A4B2299BEC4800D9C087 /* CombineUtil */ = {
			isa = XCSwiftPackageProductDependency;
			productName = CombineUtil;
		};
		A7A8A4B4299BEDEF00D9C087 /* RIBsUtil */ = {
			isa = XCSwiftPackageProductDependency;
			productName = RIBsUtil;
		};
		A7BB29B7299CB947002B74EC /* SlideMenu */ = {
			isa = XCSwiftPackageProductDependency;
			productName = SlideMenu;
		};
		A7BB29B9299CB94A002B74EC /* SlideMenuImp */ = {
			isa = XCSwiftPackageProductDependency;
			productName = SlideMenuImp;
		};
		A7CB5981299DFC2F000F939D /* Entity */ = {
			isa = XCSwiftPackageProductDependency;
			productName = Entity;
		};
/* End XCSwiftPackageProductDependency section */
	};
	rootObject = A72A121E29964AC20015221A /* Project object */;
}
